
Microsoft Visual Studio Solution File, Format Version 12.00
# Visual Studio 15
VisualStudioVersion = 15.0.28010.2016
MinimumVisualStudioVersion = 10.0.40219.1
Project("{FAE04EC0-301F-11D3-BF4B-00C04F79EFBC}") = "week5()", "week5()\week5().csproj", "{3EF71BE7-EF16-4D9C-A3B5-39D44A258C04}"
EndProject
Global
	GlobalSection(SolutionConfigurationPlatforms) = preSolution
		Debug|Any CPU = Debug|Any CPU
		Release|Any CPU = Release|Any CPU
	EndGlobalSection
	GlobalSection(ProjectConfigurationPlatforms) = postSolution
		{3EF71BE7-EF16-4D9C-A3B5-39D44A258C04}.Debug|Any CPU.ActiveCfg = Debug|Any CPU
		{3EF71BE7-EF16-4D9C-A3B5-39D44A258C04}.Debug|Any CPU.Build.0 = Debug|Any CPU
		{3EF71BE7-EF16-4D9C-A3B5-39D44A258C04}.Release|Any CPU.ActiveCfg = Release|Any CPU
		{3EF71BE7-EF16-4D9C-A3B5-39D44A258C04}.Release|Any CPU.Build.0 = Release|Any CPU
	EndGlobalSection
	GlobalSection(SolutionProperties) = preSolution
		HideSolutionNode = FALSE
	EndGlobalSection
	GlobalSection(ExtensibilityGlobals) = postSolution
		SolutionGuid = {A209B363-2F6C-48B2-B195-26B8E5852723}
	EndGlobalSection
EndGlobal
